
Microsoft Visual Studio Solution File, Format Version 12.00
# Visual Studio Version 17
VisualStudioVersion = 17.5.002.0
MinimumVisualStudioVersion = 10.0.40219.1
Project("{9A19103F-16F7-4668-BE54-9A1E7A4F7556}") = "DotNetInterns", "DotNetInterns.csproj", "{3292D183-1350-4162-9104-07974D5ADCA9}"
EndProject
Global
	GlobalSection(SolutionConfigurationPlatforms) = preSolution
		Debug|Any CPU = Debug|Any CPU
		Release|Any CPU = Release|Any CPU
	EndGlobalSection
	GlobalSection(ProjectConfigurationPlatforms) = postSolution
		{3292D183-1350-4162-9104-07974D5ADCA9}.Debug|Any CPU.ActiveCfg = Debug|Any CPU
		{3292D183-1350-4162-9104-07974D5ADCA9}.Debug|Any CPU.Build.0 = Debug|Any CPU
		{3292D183-1350-4162-9104-07974D5ADCA9}.Release|Any CPU.ActiveCfg = Release|Any CPU
		{3292D183-1350-4162-9104-07974D5ADCA9}.Release|Any CPU.Build.0 = Release|Any CPU
	EndGlobalSection
	GlobalSection(SolutionProperties) = preSolution
		HideSolutionNode = FALSE
	EndGlobalSection
	GlobalSection(ExtensibilityGlobals) = postSolution
		SolutionGuid = {A89CC861-A3C9-4AE3-94D9-9D824FEAEDAD}
	EndGlobalSection
EndGlobal
