
Microsoft Visual Studio Solution File, Format Version 12.00
# Visual Studio Version 17
VisualStudioVersion = 17.5.002.0
MinimumVisualStudioVersion = 10.0.40219.1
Project("{9A19103F-16F7-4668-BE54-9A1E7A4F7556}") = "File Handling", "File Handling.csproj", "{1F7C7E26-5226-4F1C-9DF5-863317C7911A}"
EndProject
Global
	GlobalSection(SolutionConfigurationPlatforms) = preSolution
		Debug|Any CPU = Debug|Any CPU
		Release|Any CPU = Release|Any CPU
	EndGlobalSection
	GlobalSection(ProjectConfigurationPlatforms) = postSolution
		{1F7C7E26-5226-4F1C-9DF5-863317C7911A}.Debug|Any CPU.ActiveCfg = Debug|Any CPU
		{1F7C7E26-5226-4F1C-9DF5-863317C7911A}.Debug|Any CPU.Build.0 = Debug|Any CPU
		{1F7C7E26-5226-4F1C-9DF5-863317C7911A}.Release|Any CPU.ActiveCfg = Release|Any CPU
		{1F7C7E26-5226-4F1C-9DF5-863317C7911A}.Release|Any CPU.Build.0 = Release|Any CPU
	EndGlobalSection
	GlobalSection(SolutionProperties) = preSolution
		HideSolutionNode = FALSE
	EndGlobalSection
	GlobalSection(ExtensibilityGlobals) = postSolution
		SolutionGuid = {39825D41-6DD5-4563-87C4-4C2F13CF973A}
	EndGlobalSection
EndGlobal
